<Solution>
  <Project Path="Demo.Restuarants.API.Models/Demo.Restuarants.API.Models.csproj" />
  <Project Path="Demo.Restuarants.API/Demo.Restuarants.API.csproj" />
  <Project Path="Demo.Restuarants.Core/Demo.Restuarants.Core.csproj" />
  <Project Path="Demo.Restuarants.Database/Demo.Restuarants.Database.sqlproj" Id="874aae74-d2fb-495c-b6d1-6a50abfdcceb">
    <Build />
    <Deploy />
  </Project>
  <Project Path="Demo.Restuarants.DbUp.Migration/Demo.Restuarants.DbUp.Migration.csproj" />
  <Project Path="Demo.Restuarants.Infrastructure.MSSQL/Demo.Restuarants.Infrastructure.MSSQL.csproj" />
  <Project Path="Demo.Restuarants.Shared/Demo.Restuarants.Shared.csproj" />
</Solution>
